PODS:
  - Flutter (1.0.0)
  - flutter_go (0.0.1):
    - Flutter
  - FlutterPluginRegistrant (0.0.1):
    - Flutter

DEPENDENCIES:
  - Flutter (from `../flutter_go/.ios/Flutter/engine`)
  - flutter_go (from `../flutter_go/.ios/Flutter`)
  - FlutterPluginRegistrant (from `../flutter_go/.ios/Flutter/FlutterPluginRegistrant`)

EXTERNAL SOURCES:
  Flutter:
    :path: "../flutter_go/.ios/Flutter/engine"
  flutter_go:
    :path: "../flutter_go/.ios/Flutter"
  FlutterPluginRegistrant:
    :path: "../flutter_go/.ios/Flutter/FlutterPluginRegistrant"

SPEC CHECKSUMS:
  Flutter: bdfa2e8fe0e2880a2c6a58a0b1a8675c262a07af
  flutter_go: a0d8be50ba707b1c10547744ab26ede497f4abf2
  FlutterPluginRegistrant: d3a0fbc12bc47787a12fcc919193f3959aa7d5ad

PODFILE CHECKSUM: 869c10e5a961c75c1168f2dfd87f1507aa243d60

COCOAPODS: 1.11.3
